Microsoft Visual Studio Solution File, Format Version 8.00
Project("{8BC9CEB8-8B4A-11D0-8D11-00A0C91BC942}") = "SerialPlugIn", "SerialPlugIn.vcproj", "{0FFE153F-540C-4139-9781-569A8D074C0D}"
	ProjectSection(ProjectDependencies) = postProject
	EndProjectSection
EndProject
Global
	GlobalSection(SolutionConfiguration) = preSolution
		Debug = Debug
		Release = Release
	EndGlobalSection
	GlobalSection(ProjectConfiguration) = postSolution
		{0FFE153F-540C-4139-9781-569A8D074C0D}.Debug.ActiveCfg = Debug|Win32
		{0FFE153F-540C-4139-9781-569A8D074C0D}.Debug.Build.0 = Debug|Win32
		{0FFE153F-540C-4139-9781-569A8D074C0D}.Release.ActiveCfg = Release|Win32
		{0FFE153F-540C-4139-9781-569A8D074C0D}.Release.Build.0 = Release|Win32
	EndGlobalSection
	GlobalSection(ExtensibilityGlobals) = postSolution
	EndGlobalSection
	GlobalSection(ExtensibilityAddIns) = postSolution
	EndGlobalSection
EndGlobal
